
Microsoft Visual Studio Solution File, Format Version 12.00
# Visual Studio 15
VisualStudioVersion = 15.0.28307.902
MinimumVisualStudioVersion = 10.0.40219.1
Project("{FAE04EC0-301F-11D3-BF4B-00C04F79EFBC}") = "WindowsFormsAppLeitorXLXs", "WindowsFormsAppLeitorXLXs\WindowsFormsAppLeitorXLXs.csproj", "{1CC9E118-7B56-4D5B-89FC-BA9C7CE50012}"
EndProject
Global
	GlobalSection(SolutionConfigurationPlatforms) = preSolution
		Debug|Any CPU = Debug|Any CPU
		Release|Any CPU = Release|Any CPU
	EndGlobalSection
	GlobalSection(ProjectConfigurationPlatforms) = postSolution
		{1CC9E118-7B56-4D5B-89FC-BA9C7CE50012}.Debug|Any CPU.ActiveCfg = Debug|Any CPU
		{1CC9E118-7B56-4D5B-89FC-BA9C7CE50012}.Debug|Any CPU.Build.0 = Debug|Any CPU
		{1CC9E118-7B56-4D5B-89FC-BA9C7CE50012}.Release|Any CPU.ActiveCfg = Release|Any CPU
		{1CC9E118-7B56-4D5B-89FC-BA9C7CE50012}.Release|Any CPU.Build.0 = Release|Any CPU
	EndGlobalSection
	GlobalSection(SolutionProperties) = preSolution
		HideSolutionNode = FALSE
	EndGlobalSection
	GlobalSection(ExtensibilityGlobals) = postSolution
		SolutionGuid = {67F52178-4755-4591-8775-663C24A96C9F}
	EndGlobalSection
EndGlobal
